
Microsoft Visual Studio Solution File, Format Version 12.00
# Visual Studio Version 16
VisualStudioVersion = 16.0.31729.503
MinimumVisualStudioVersion = 10.0.40219.1
Project("{FAE04EC0-301F-11D3-BF4B-00C04F79EFBC}") = "ValidParentheses", "ValidParentheses.csproj", "{D82942E9-E91D-4076-9E53-D17D676EF018}"
EndProject
Global
	GlobalSection(SolutionConfigurationPlatforms) = preSolution
		Debug|Any CPU = Debug|Any CPU
		Release|Any CPU = Release|Any CPU
	EndGlobalSection
	GlobalSection(ProjectConfigurationPlatforms) = postSolution
		{D82942E9-E91D-4076-9E53-D17D676EF018}.Debug|Any CPU.ActiveCfg = Debug|Any CPU
		{D82942E9-E91D-4076-9E53-D17D676EF018}.Debug|Any CPU.Build.0 = Debug|Any CPU
		{D82942E9-E91D-4076-9E53-D17D676EF018}.Release|Any CPU.ActiveCfg = Release|Any CPU
		{D82942E9-E91D-4076-9E53-D17D676EF018}.Release|Any CPU.Build.0 = Release|Any CPU
	EndGlobalSection
	GlobalSection(SolutionProperties) = preSolution
		HideSolutionNode = FALSE
	EndGlobalSection
	GlobalSection(ExtensibilityGlobals) = postSolution
		SolutionGuid = {5D0EEFF4-039D-4AFD-ABB1-9202DE67818A}
	EndGlobalSection
EndGlobal
