
Microsoft Visual Studio Solution File, Format Version 12.00
# Visual Studio Version 16
VisualStudioVersion = 16.0.31729.503
MinimumVisualStudioVersion = 10.0.40219.1
Project("{FAE04EC0-301F-11D3-BF4B-00C04F79EFBC}") = "MergeTwoSortedLists", "MergeTwoSortedLists.csproj", "{3CB1EC94-73B4-4839-8794-2AD2725D6904}"
EndProject
Global
	GlobalSection(SolutionConfigurationPlatforms) = preSolution
		Debug|Any CPU = Debug|Any CPU
		Release|Any CPU = Release|Any CPU
	EndGlobalSection
	GlobalSection(ProjectConfigurationPlatforms) = postSolution
		{3CB1EC94-73B4-4839-8794-2AD2725D6904}.Debug|Any CPU.ActiveCfg = Debug|Any CPU
		{3CB1EC94-73B4-4839-8794-2AD2725D6904}.Debug|Any CPU.Build.0 = Debug|Any CPU
		{3CB1EC94-73B4-4839-8794-2AD2725D6904}.Release|Any CPU.ActiveCfg = Release|Any CPU
		{3CB1EC94-73B4-4839-8794-2AD2725D6904}.Release|Any CPU.Build.0 = Release|Any CPU
	EndGlobalSection
	GlobalSection(SolutionProperties) = preSolution
		HideSolutionNode = FALSE
	EndGlobalSection
	GlobalSection(ExtensibilityGlobals) = postSolution
		SolutionGuid = {5F2A45A5-B42F-4427-BB10-97F6FB4F7FFD}
	EndGlobalSection
EndGlobal
